
Microsoft Visual Studio Solution File, Format Version 12.00
# Visual Studio 15
VisualStudioVersion = 15.0.27428.2027
MinimumVisualStudioVersion = 10.0.40219.1
Project("{FAE04EC0-301F-11D3-BF4B-00C04F79EFBC}") = "MvvmCrossTest2", "MvvmCrossTest2\MvvmCrossTest2.csproj", "{A677B423-464A-47D0-9711-7DA61E00BA7B}"
EndProject
Project("{FAE04EC0-301F-11D3-BF4B-00C04F79EFBC}") = "MvvmCrossTest2.Core", "MvvmCrossTest2.Core\MvvmCrossTest2.Core.csproj", "{7418AADF-45A8-44FC-8D4E-57A7B18E7DE6}"
EndProject
Global
	GlobalSection(SolutionConfigurationPlatforms) = preSolution
		Debug|Any CPU = Debug|Any CPU
		Release|Any CPU = Release|Any CPU
	EndGlobalSection
	GlobalSection(ProjectConfigurationPlatforms) = postSolution
		{A677B423-464A-47D0-9711-7DA61E00BA7B}.Debug|Any CPU.ActiveCfg = Debug|Any CPU
		{A677B423-464A-47D0-9711-7DA61E00BA7B}.Debug|Any CPU.Build.0 = Debug|Any CPU
		{A677B423-464A-47D0-9711-7DA61E00BA7B}.Debug|Any CPU.Deploy.0 = Debug|Any CPU
		{A677B423-464A-47D0-9711-7DA61E00BA7B}.Release|Any CPU.ActiveCfg = Release|Any CPU
		{A677B423-464A-47D0-9711-7DA61E00BA7B}.Release|Any CPU.Build.0 = Release|Any CPU
		{A677B423-464A-47D0-9711-7DA61E00BA7B}.Release|Any CPU.Deploy.0 = Release|Any CPU
		{7418AADF-45A8-44FC-8D4E-57A7B18E7DE6}.Debug|Any CPU.ActiveCfg = Debug|Any CPU
		{7418AADF-45A8-44FC-8D4E-57A7B18E7DE6}.Debug|Any CPU.Build.0 = Debug|Any CPU
		{7418AADF-45A8-44FC-8D4E-57A7B18E7DE6}.Release|Any CPU.ActiveCfg = Release|Any CPU
		{7418AADF-45A8-44FC-8D4E-57A7B18E7DE6}.Release|Any CPU.Build.0 = Release|Any CPU
	EndGlobalSection
	GlobalSection(SolutionProperties) = preSolution
		HideSolutionNode = FALSE
	EndGlobalSection
	GlobalSection(ExtensibilityGlobals) = postSolution
		SolutionGuid = {159BEDE3-BD65-4134-AC1E-FDE94DF7DCF6}
	EndGlobalSection
EndGlobal
